{"version":4,"terraform_version":"1.9.0","serial":1,"lineage":"3ce62e29-afc6-7846-29ee-32e26549bf9d","outputs":{"container_ips":{"value":null,"type":"dynamic"},"network_cidr":{"value":"10.10.0.0/24","type":"string"},"network_name":{"value":null,"type":"string"},"profiles":{"value":null,"type":"dynamic"},"volumes":{"value":null,"type":"dynamic"}},"resources":[{"mode":"managed","type":"incus_storage_pool","name":"default","provider":"provider[\"registry.opentofu.org/lxc/incus\"]","instances":[{"schema_version":0,"attributes":{"config":{},"description":"","driver":"dir","name":"default","project":null,"remote":null,"target":null},"sensitive_attributes":[]}]}],"check_results":null}
