{"version":4,"terraform_version":"1.9.0","serial":3,"lineage":"3ce62e29-afc6-7846-29ee-32e26549bf9d","outputs":{"containers":{"value":["app-api","app-core","ceph-node","db-postgres","monitoring","node-control"],"type":["tuple",["string","string","string","string","string","string"]]},"profiles":{"value":["app-api","app-core","ceph-node","db-postgres","monitoring","node-control"],"type":["tuple",["string","string","string","string","string","string"]]}},"resources":[{"mode":"managed","type":"incus_instance","name":"node","provider":"provider[\"registry.opentofu.org/lxc/incus\"]","instances":[{"index_key":"app-api","schema_version":0,"attributes":{"architecture":"x86_64","config":{"boot.autostart":"true"},"description":"","device":[{"name":"eth0","properties":{"name":"eth0","network":"lab-net"},"type":"nic"}],"ephemeral":false,"file":[],"image":"images:debian/13","ipv4_address":"10.10.0.2","ipv6_address":null,"mac_address":"10:66:6a:5d:ce:97","name":"app-api","profiles":["app-api"],"project":null,"remote":null,"running":true,"source_file":null,"source_instance":null,"status":"Running","target":"","type":"container","wait_for":[]},"sensitive_attributes":[],"dependencies":["incus_profile.node","incus_storage_pool.default"]},{"index_key":"app-core","schema_version":0,"attributes":{"architecture":"x86_64","config":{"boot.autostart":"true"},"description":"","device":[{"name":"eth0","properties":{"name":"eth0","network":"lab-net"},"type":"nic"}],"ephemeral":false,"file":[],"image":"images:debian/13","ipv4_address":"10.10.0.6","ipv6_address":null,"mac_address":"10:66:6a:36:b1:78","name":"app-core","profiles":["app-core"],"project":null,"remote":null,"running":true,"source_file":null,"source_instance":null,"status":"Running","target":"","type":"container","wait_for":[]},"sensitive_attributes":[],"dependencies":["incus_profile.node","incus_storage_pool.default"]},{"index_key":"ceph-node","schema_version":0,"attributes":{"architecture":"x86_64","config":{"boot.autostart":"true"},"description":"","device":[{"name":"eth0","properties":{"name":"eth0","network":"lab-net"},"type":"nic"}],"ephemeral":false,"file":[],"image":"images:debian/13","ipv4_address":"10.10.0.4","ipv6_address":null,"mac_address":"10:66:6a:5c:ca:47","name":"ceph-node","profiles":["ceph-node"],"project":null,"remote":null,"running":true,"source_file":null,"source_instance":null,"status":"Running","target":"","type":"container","wait_for":[]},"sensitive_attributes":[],"dependencies":["incus_profile.node","incus_storage_pool.default"]},{"index_key":"db-postgres","schema_version":0,"attributes":{"architecture":"x86_64","config":{"boot.autostart":"true"},"description":"","device":[{"name":"eth0","properties":{"name":"eth0","network":"lab-net"},"type":"nic"}],"ephemeral":false,"file":[],"image":"images:debian/13","ipv4_address":null,"ipv6_address":null,"mac_address":"10:66:6a:31:5e:99","name":"db-postgres","profiles":["db-postgres"],"project":null,"remote":null,"running":true,"source_file":null,"source_instance":null,"status":"Running","target":"","type":"container","wait_for":[]},"sensitive_attributes":[],"dependencies":["incus_profile.node","incus_storage_pool.default"]},{"index_key":"monitoring","schema_version":0,"attributes":{"architecture":"x86_64","config":{"boot.autostart":"true"},"description":"","device":[{"name":"eth0","properties":{"name":"eth0","network":"lab-net"},"type":"nic"}],"ephemeral":false,"file":[],"image":"images:debian/13","ipv4_address":"10.10.0.7","ipv6_address":null,"mac_address":"10:66:6a:41:e4:71","name":"monitoring","profiles":["monitoring"],"project":null,"remote":null,"running":true,"source_file":null,"source_instance":null,"status":"Running","target":"","type":"container","wait_for":[]},"sensitive_attributes":[],"dependencies":["incus_profile.node","incus_storage_pool.default"]},{"index_key":"node-control","schema_version":0,"attributes":{"architecture":"x86_64","config":{"boot.autostart":"true"},"description":"","device":[{"name":"eth0","properties":{"name":"eth0","network":"lab-net"},"type":"nic"}],"ephemeral":false,"file":[],"image":"images:debian/13","ipv4_address":null,"ipv6_address":"fd42:662f:c36b:6461:1266:6aff:fef0:aa6f","mac_address":"10:66:6a:f0:aa:6f","name":"node-control","profiles":["node-control"],"project":null,"remote":null,"running":true,"source_file":null,"source_instance":null,"status":"Running","target":"","type":"container","wait_for":[]},"sensitive_attributes":[],"dependencies":["incus_profile.node","incus_storage_pool.default"]}]},{"mode":"managed","type":"incus_profile","name":"node","provider":"provider[\"registry.opentofu.org/lxc/incus\"]","instances":[{"index_key":"app-api","schema_version":0,"attributes":{"config":{"limits.cpu":"1","limits.memory":"768MiB"},"description":"","device":[{"name":"root","properties":{"path":"/","pool":"default","size":"8GiB"},"type":"disk"}],"name":"app-api","project":"default","remote":null},"sensitive_attributes":[],"dependencies":["incus_storage_pool.default"]},{"index_key":"app-core","schema_version":0,"attributes":{"config":{"limits.cpu":"1","limits.memory":"768MiB"},"description":"","device":[{"name":"root","properties":{"path":"/","pool":"default","size":"8GiB"},"type":"disk"}],"name":"app-core","project":"default","remote":null},"sensitive_attributes":[],"dependencies":["incus_storage_pool.default"]},{"index_key":"ceph-node","schema_version":0,"attributes":{"config":{"limits.cpu":"1","limits.memory":"512MiB"},"description":"","device":[{"name":"root","properties":{"path":"/","pool":"default","size":"15GiB"},"type":"disk"}],"name":"ceph-node","project":"default","remote":null},"sensitive_attributes":[],"dependencies":["incus_storage_pool.default"]},{"index_key":"db-postgres","schema_version":0,"attributes":{"config":{"limits.cpu":"2","limits.memory":"2GiB"},"description":"","device":[{"name":"root","properties":{"path":"/","pool":"default","size":"20GiB"},"type":"disk"}],"name":"db-postgres","project":"default","remote":null},"sensitive_attributes":[],"dependencies":["incus_storage_pool.default"]},{"index_key":"monitoring","schema_version":0,"attributes":{"config":{"limits.cpu":"2","limits.memory":"1536MiB"},"description":"","device":[{"name":"root","properties":{"path":"/","pool":"default","size":"10GiB"},"type":"disk"}],"name":"monitoring","project":"default","remote":null},"sensitive_attributes":[],"dependencies":["incus_storage_pool.default"]},{"index_key":"node-control","schema_version":0,"attributes":{"config":{"limits.cpu":"1","limits.memory":"256MiB"},"description":"","device":[{"name":"root","properties":{"path":"/","pool":"default","size":"4GiB"},"type":"disk"}],"name":"node-control","project":"default","remote":null},"sensitive_attributes":[],"dependencies":["incus_storage_pool.default"]}]},{"mode":"managed","type":"incus_storage_pool","name":"default","provider":"provider[\"registry.opentofu.org/lxc/incus\"]","instances":[{"schema_version":0,"attributes":{"config":{},"description":"","driver":"dir","name":"default","project":null,"remote":null,"target":null},"sensitive_attributes":[]}]}],"check_results":null}
